
Microsoft Visual Studio Solution File, Format Version 12.00
# Visual Studio Version 17
VisualStudioVersion = 17.14.36301.6
MinimumVisualStudioVersion = 10.0.40219.1
Project("{FAE04EC0-301F-11D3-BF4B-00C04F79EFBC}") = "AppHost", "AppHost\AppHost.csproj", "{62C4DD3B-B365-404C-B491-3519E01C71D8}"
EndProject
Project("{FAE04EC0-301F-11D3-BF4B-00C04F79EFBC}") = "ServiceDefaults", "ServiceDefaults\ServiceDefaults.csproj", "{E1C28FE1-D544-44EA-91B7-4B6E3B03B2C0}"
EndProject
Project("{FAE04EC0-301F-11D3-BF4B-00C04F79EFBC}") = "Frontend", "Frontend\Frontend.csproj", "{90CF18BE-437A-4804-9E85-213B3EBFA1C5}"
EndProject
Project("{FAE04EC0-301F-11D3-BF4B-00C04F79EFBC}") = "PaymentService", "PaymentService\PaymentService.csproj", "{7DDA886F-7022-E231-A5D2-8BDF0FBB44D6}"
EndProject
Project("{FAE04EC0-301F-11D3-BF4B-00C04F79EFBC}") = "NotificationService", "NotificationService\NotificationService.csproj", "{CF9FD0F0-B9C2-54C6-189B-77AA3D46F4C2}"
EndProject
Project("{FAE04EC0-301F-11D3-BF4B-00C04F79EFBC}") = "ECommerce.Common", "ECommerce.Common\ECommerce.Common.csproj", "{B69DA3F2-E6DA-4564-958A-97F88B231D9E}"
EndProject
Project("{FAE04EC0-301F-11D3-BF4B-00C04F79EFBC}") = "EwalletProviderMock", "EwalletProviderMock\EwalletProviderMock.csproj", "{616B75E6-173D-4122-30A7-680E0D6679E7}"
EndProject
Project("{FAE04EC0-301F-11D3-BF4B-00C04F79EFBC}") = "OrderService", "OrderService\OrderService.csproj", "{6BCC5D4C-DCFD-F350-0302-6CEEC93FCB6D}"
EndProject
Project("{FAE04EC0-301F-11D3-BF4B-00C04F79EFBC}") = "InvoiceListener", "InvoiceListener\InvoiceListener.csproj", "{4EB68D8E-ED16-C865-F748-B6B199482A1C}"
EndProject
Project("{FAE04EC0-301F-11D3-BF4B-00C04F79EFBC}") = "ProductionListener", "ProductionListener\ProductionListener.csproj", "{A3893748-A84B-184E-73F8-3A56A1D1C35B}"
EndProject
Project("{FAE04EC0-301F-11D3-BF4B-00C04F79EFBC}") = "NotificationListener", "NotificationListener\NotificationListener.csproj", "{574F8CDC-A871-548D-D096-1C73543D4DF8}"
EndProject
Global
	GlobalSection(SolutionConfigurationPlatforms) = preSolution
		Debug|Any CPU = Debug|Any CPU
		Release|Any CPU = Release|Any CPU
	EndGlobalSection
	GlobalSection(ProjectConfigurationPlatforms) = postSolution
		{62C4DD3B-B365-404C-B491-3519E01C71D8}.Debug|Any CPU.ActiveCfg = Debug|Any CPU
		{62C4DD3B-B365-404C-B491-3519E01C71D8}.Debug|Any CPU.Build.0 = Debug|Any CPU
		{62C4DD3B-B365-404C-B491-3519E01C71D8}.Release|Any CPU.ActiveCfg = Release|Any CPU
		{62C4DD3B-B365-404C-B491-3519E01C71D8}.Release|Any CPU.Build.0 = Release|Any CPU
		{E1C28FE1-D544-44EA-91B7-4B6E3B03B2C0}.Debug|Any CPU.ActiveCfg = Debug|Any CPU
		{E1C28FE1-D544-44EA-91B7-4B6E3B03B2C0}.Debug|Any CPU.Build.0 = Debug|Any CPU
		{E1C28FE1-D544-44EA-91B7-4B6E3B03B2C0}.Release|Any CPU.ActiveCfg = Release|Any CPU
		{E1C28FE1-D544-44EA-91B7-4B6E3B03B2C0}.Release|Any CPU.Build.0 = Release|Any CPU
		{90CF18BE-437A-4804-9E85-213B3EBFA1C5}.Debug|Any CPU.ActiveCfg = Debug|Any CPU
		{90CF18BE-437A-4804-9E85-213B3EBFA1C5}.Debug|Any CPU.Build.0 = Debug|Any CPU
		{90CF18BE-437A-4804-9E85-213B3EBFA1C5}.Release|Any CPU.ActiveCfg = Release|Any CPU
		{90CF18BE-437A-4804-9E85-213B3EBFA1C5}.Release|Any CPU.Build.0 = Release|Any CPU
		{7DDA886F-7022-E231-A5D2-8BDF0FBB44D6}.Debug|Any CPU.ActiveCfg = Debug|Any CPU
		{7DDA886F-7022-E231-A5D2-8BDF0FBB44D6}.Debug|Any CPU.Build.0 = Debug|Any CPU
		{7DDA886F-7022-E231-A5D2-8BDF0FBB44D6}.Release|Any CPU.ActiveCfg = Release|Any CPU
		{7DDA886F-7022-E231-A5D2-8BDF0FBB44D6}.Release|Any CPU.Build.0 = Release|Any CPU
		{CF9FD0F0-B9C2-54C6-189B-77AA3D46F4C2}.Debug|Any CPU.ActiveCfg = Debug|Any CPU
		{CF9FD0F0-B9C2-54C6-189B-77AA3D46F4C2}.Debug|Any CPU.Build.0 = Debug|Any CPU
		{CF9FD0F0-B9C2-54C6-189B-77AA3D46F4C2}.Release|Any CPU.ActiveCfg = Release|Any CPU
		{CF9FD0F0-B9C2-54C6-189B-77AA3D46F4C2}.Release|Any CPU.Build.0 = Release|Any CPU
		{B69DA3F2-E6DA-4564-958A-97F88B231D9E}.Debug|Any CPU.ActiveCfg = Debug|Any CPU
		{B69DA3F2-E6DA-4564-958A-97F88B231D9E}.Debug|Any CPU.Build.0 = Debug|Any CPU
		{B69DA3F2-E6DA-4564-958A-97F88B231D9E}.Release|Any CPU.ActiveCfg = Release|Any CPU
		{B69DA3F2-E6DA-4564-958A-97F88B231D9E}.Release|Any CPU.Build.0 = Release|Any CPU
		{616B75E6-173D-4122-30A7-680E0D6679E7}.Debug|Any CPU.ActiveCfg = Debug|Any CPU
		{616B75E6-173D-4122-30A7-680E0D6679E7}.Debug|Any CPU.Build.0 = Debug|Any CPU
		{616B75E6-173D-4122-30A7-680E0D6679E7}.Release|Any CPU.ActiveCfg = Release|Any CPU
		{616B75E6-173D-4122-30A7-680E0D6679E7}.Release|Any CPU.Build.0 = Release|Any CPU
		{6BCC5D4C-DCFD-F350-0302-6CEEC93FCB6D}.Debug|Any CPU.ActiveCfg = Debug|Any CPU
		{6BCC5D4C-DCFD-F350-0302-6CEEC93FCB6D}.Debug|Any CPU.Build.0 = Debug|Any CPU
		{6BCC5D4C-DCFD-F350-0302-6CEEC93FCB6D}.Release|Any CPU.ActiveCfg = Release|Any CPU
		{6BCC5D4C-DCFD-F350-0302-6CEEC93FCB6D}.Release|Any CPU.Build.0 = Release|Any CPU
		{4EB68D8E-ED16-C865-F748-B6B199482A1C}.Debug|Any CPU.ActiveCfg = Debug|Any CPU
		{4EB68D8E-ED16-C865-F748-B6B199482A1C}.Debug|Any CPU.Build.0 = Debug|Any CPU
		{4EB68D8E-ED16-C865-F748-B6B199482A1C}.Release|Any CPU.ActiveCfg = Release|Any CPU
		{4EB68D8E-ED16-C865-F748-B6B199482A1C}.Release|Any CPU.Build.0 = Release|Any CPU
		{A3893748-A84B-184E-73F8-3A56A1D1C35B}.Debug|Any CPU.ActiveCfg = Debug|Any CPU
		{A3893748-A84B-184E-73F8-3A56A1D1C35B}.Debug|Any CPU.Build.0 = Debug|Any CPU
		{A3893748-A84B-184E-73F8-3A56A1D1C35B}.Release|Any CPU.ActiveCfg = Release|Any CPU
		{A3893748-A84B-184E-73F8-3A56A1D1C35B}.Release|Any CPU.Build.0 = Release|Any CPU
		{574F8CDC-A871-548D-D096-1C73543D4DF8}.Debug|Any CPU.ActiveCfg = Debug|Any CPU
		{574F8CDC-A871-548D-D096-1C73543D4DF8}.Debug|Any CPU.Build.0 = Debug|Any CPU
		{574F8CDC-A871-548D-D096-1C73543D4DF8}.Release|Any CPU.ActiveCfg = Release|Any CPU
		{574F8CDC-A871-548D-D096-1C73543D4DF8}.Release|Any CPU.Build.0 = Release|Any CPU
	EndGlobalSection
	GlobalSection(SolutionProperties) = preSolution
		HideSolutionNode = FALSE
	EndGlobalSection
	GlobalSection(ExtensibilityGlobals) = postSolution
		SolutionGuid = {A175712E-8505-482B-BE6C-D7DF0C62D73B}
	EndGlobalSection
EndGlobal
